{
    "requires": true,
    "lockfileVersion": 1,
    "dependencies": {
        "axios": {
            "version": "0.21.1",
            "resolved": "https://registry.npmjs.org/axios/-/axios-0.21.1.tgz",
            "integrity": "sha512-dKQiRHxGD9PPRIUNIWvZhPTPpl1rf/OxTYKsqKUDjBwYylTvV7SjSHJb9ratfyzM6wCdLCOYLzs73qpg5c4iGA==",
            "dev": true,
            "requires": {
                "follow-redirects": "^1.10.0"
            }
        },
        "colorette": {
            "version": "1.2.2",
            "resolved": "https://registry.npmjs.org/colorette/-/colorette-1.2.2.tgz",
            "integrity": "sha512-MKGMzyfeuutC/ZJ1cba9NqcNpfeqMUcYmyF1ZFY6/Cn7CNSAKx6a+s48sqLqyAiZuaP2TcqMhoo+dlwFnVxT9w==",
            "dev": true
        },
        "fix": {
            "version": "0.0.6",
            "resolved": "https://registry.npmjs.org/fix/-/fix-0.0.6.tgz",
            "integrity": "sha1-B+WTonQU3cSG7lLVD5yOCYhaAwU=",
            "requires": {
                "pipe": "0.0.2",
                "underscore": "1.1.6",
                "underscore.string": "1.1.4"
            }
        },
        "follow-redirects": {
            "version": "1.14.0",
            "resolved": "https://registry.npmjs.org/follow-redirects/-/follow-redirects-1.14.0.tgz",
            "integrity": "sha512-0vRwd7RKQBTt+mgu87mtYeofLFZpTas2S9zY+jIeuLJMNvudIgF52nr19q40HOwH5RrhWIPuj9puybzSJiRrVg==",
            "dev": true
        },
        "lodash": {
            "version": "4.17.21",
            "resolved": "https://registry.npmjs.org/lodash/-/lodash-4.17.21.tgz",
            "integrity": "sha512-v2kDEe57lecTulaDIuNTPy3Ry4gLGJ6Z1O3vE1krgXZNrsQ+LFTGHVxVjcXPs17LhbZVGedAJv8XZ1tvj5FvSg==",
            "dev": true
        },
        "nanoid": {
            "version": "3.1.22",
            "resolved": "https://registry.npmjs.org/nanoid/-/nanoid-3.1.22.tgz",
            "integrity": "sha512-/2ZUaJX2ANuLtTvqTlgqBQNJoQO398KyJgZloL0PZkC0dpysjncRUPsFe3DUPzz/y3h+u7C46np8RMuvF3jsSQ==",
            "dev": true
        },
        "pipe": {
            "version": "0.0.2",
            "resolved": "https://registry.npmjs.org/pipe/-/pipe-0.0.2.tgz",
            "integrity": "sha1-oW/m/AGddb2YfEkopn4eUOT1tE8="
        },
        "postcss": {
            "version": "8.2.13",
            "resolved": "https://registry.npmjs.org/postcss/-/postcss-8.2.13.tgz",
            "integrity": "sha512-FCE5xLH+hjbzRdpbRb1IMCvPv9yZx2QnDarBEYSN0N0HYk+TcXsEhwdFcFb+SRWOKzKGErhIEbBK2ogyLdTtfQ==",
            "dev": true,
            "requires": {
                "colorette": "^1.2.2",
                "nanoid": "^3.1.22",
                "source-map": "^0.6.1"
            },
            "dependencies": {
                "source-map": {
                    "version": "0.6.1",
                    "resolved": "https://registry.npmjs.org/source-map/-/source-map-0.6.1.tgz",
                    "integrity": "sha512-UjgapumWlbMhkBgzT7Ykc5YXUT46F0iKu8SGXq0bcwP5dz/h0Plj6enJqjz1Zbq2l5WaqYnrVbwWOWMyF3F47g==",
                    "dev": true
                }
            }
        },
        "underscore": {
            "version": "1.1.6",
            "resolved": "https://registry.npmjs.org/underscore/-/underscore-1.1.6.tgz",
            "integrity": "sha1-aGjaG91y11KFvgtOUPIo5w0AGiw="
        },
        "underscore.string": {
            "version": "1.1.4",
            "resolved": "https://registry.npmjs.org/underscore.string/-/underscore.string-1.1.4.tgz",
            "integrity": "sha1-m+BrI7jj2ZbqICD5mEICBp497hI=",
            "requires": {
                "underscore": "1.1.6"
            }
        }
    }
}
